
Microsoft Visual Studio Solution File, Format Version 12.00
# Visual Studio Version 17
VisualStudioVersion = 17.0.32112.339
MinimumVisualStudioVersion = 10.0.40219.1
Project("{FAE04EC0-301F-11D3-BF4B-00C04F79EFBC}") = "Hangman (Console)", "Hangman (Console)\Hangman (Console).csproj", "{4566D778-27BD-48FC-9CE1-744092B3CB78}"
EndProject
Global
	GlobalSection(SolutionConfigurationPlatforms) = preSolution
		Debug|Any CPU = Debug|Any CPU
		Release|Any CPU = Release|Any CPU
	EndGlobalSection
	GlobalSection(ProjectConfigurationPlatforms) = postSolution
		{4566D778-27BD-48FC-9CE1-744092B3CB78}.Debug|Any CPU.ActiveCfg = Debug|Any CPU
		{4566D778-27BD-48FC-9CE1-744092B3CB78}.Debug|Any CPU.Build.0 = Debug|Any CPU
		{4566D778-27BD-48FC-9CE1-744092B3CB78}.Release|Any CPU.ActiveCfg = Release|Any CPU
		{4566D778-27BD-48FC-9CE1-744092B3CB78}.Release|Any CPU.Build.0 = Release|Any CPU
	EndGlobalSection
	GlobalSection(SolutionProperties) = preSolution
		HideSolutionNode = FALSE
	EndGlobalSection
	GlobalSection(ExtensibilityGlobals) = postSolution
		SolutionGuid = {417E1353-75B3-4F69-ADC4-39F1C766A3A5}
	EndGlobalSection
EndGlobal
